// !$*UTF8*$!
{
	archiveVersion = 1;
	classes = {
	};
	objectVersion = 52;
	objects = {

/* Begin PBXBuildFile section */
		3D1D2B9924C080B400F842A7 /* AppDelegate.swift in Sources */ = {isa = PBXBuildFile; fileRef = 3D1D2B9824C080B400F842A7 /* AppDelegate.swift */; };
		3D1D2B9B24C080B400F842A7 /* SceneDelegate.swift in Sources */ = {isa = PBXBuildFile; fileRef = 3D1D2B9A24C080B400F842A7 /* SceneDelegate.swift */; };
		3D1D2B9D24C080B400F842A7 /* ViewController.swift in Sources */ = {isa = PBXBuildFile; fileRef = 3D1D2B9C24C080B400F842A7 /* ViewController.swift */; };
		3D1D2BA024C080B400F842A7 /* Main.storyboard in Resources */ = {isa = PBXBuildFile; fileRef = 3D1D2B9E24C080B400F842A7 /* Main.storyboard */; };
		3D1D2BA224C080B500F842A7 /* Assets.xcassets in Resources */ = {isa = PBXBuildFile; fileRef = 3D1D2BA124C080B500F842A7 /* Assets.xcassets */; };
		3D1D2BA524C080B500F842A7 /* LaunchScreen.storyboard in Resources */ = {isa = PBXBuildFile; fileRef = 3D1D2BA324C080B500F842A7 /* LaunchScreen.storyboard */; };
		3D1D2BB024C080B600F842A7 /* RelevantInformerExampleTests.swift in Sources */ = {isa = PBXBuildFile; fileRef = 3D1D2BAF24C080B600F842A7 /* RelevantInformerExampleTests.swift */; };
		3D1D2BBB24C080B600F842A7 /* RelevantInformerExampleUITests.swift in Sources */ = {isa = PBXBuildFile; fileRef = 3D1D2BBA24C080B600F842A7 /* RelevantInformerExampleUITests.swift */; };
		3D1D2BD124C0835000F842A7 /* RelevantInformer in Frameworks */ = {isa = PBXBuildFile; productRef = 3D1D2BD024C0835000F842A7 /* RelevantInformer */; };
		3D1D2BD324C084AF00F842A7 /* PopupExampleViewController.swift in Sources */ = {isa = PBXBuildFile; fileRef = 3D1D2BD224C084AF00F842A7 /* PopupExampleViewController.swift */; };
		3DED2A9524C40E8E006F9D2D /* NotificationExampleViewController.swift in Sources */ = {isa = PBXBuildFile; fileRef = 3DED2A9424C40E8E006F9D2D /* NotificationExampleViewController.swift */; };
/* End PBXBuildFile section */

/* Begin PBXContainerItemProxy section */
		3D1D2BAC24C080B600F842A7 /* PBXContainerItemProxy */ = {
			isa = PBXContainerItemProxy;
			containerPortal = 3D1D2B8D24C080B400F842A7 /* Project object */;
			proxyType = 1;
			remoteGlobalIDString = 3D1D2B9424C080B400F842A7;
			remoteInfo = RelevantInformerExample;
		};
		3D1D2BB724C080B600F842A7 /* PBXContainerItemProxy */ = {
			isa = PBXContainerItemProxy;
			containerPortal = 3D1D2B8D24C080B400F842A7 /* Project object */;
			proxyType = 1;
			remoteGlobalIDString = 3D1D2B9424C080B400F842A7;
			remoteInfo = RelevantInformerExample;
		};
/* End PBXContainerItemProxy section */

/* Begin PBXFileReference section */
		3D1D2B9524C080B400F842A7 /* RelevantInformerExample.app */ = {isa = PBXFileReference; explicitFileType = wrapper.application; includeInIndex = 0; path = RelevantInformerExample.app; sourceTree = BUILT_PRODUCTS_DIR; };
		3D1D2B9824C080B400F842A7 /* AppDelegate.swift */ = {isa = PBXFileReference; lastKnownFileType = sourcecode.swift; path = AppDelegate.swift; sourceTree = "<group>"; };
		3D1D2B9A24C080B400F842A7 /* SceneDelegate.swift */ = {isa = PBXFileReference; lastKnownFileType = sourcecode.swift; path = SceneDelegate.swift; sourceTree = "<group>"; };
		3D1D2B9C24C080B400F842A7 /* ViewController.swift */ = {isa = PBXFileReference; lastKnownFileType = sourcecode.swift; path = ViewController.swift; sourceTree = "<group>"; };
		3D1D2B9F24C080B400F842A7 /* Base */ = {isa = PBXFileReference; lastKnownFileType = file.storyboard; name = Base; path = Base.lproj/Main.storyboard; sourceTree = "<group>"; };
		3D1D2BA124C080B500F842A7 /* Assets.xcassets */ = {isa = PBXFileReference; lastKnownFileType = folder.assetcatalog; path = Assets.xcassets; sourceTree = "<group>"; };
		3D1D2BA424C080B500F842A7 /* Base */ = {isa = PBXFileReference; lastKnownFileType = file.storyboard; name = Base; path = Base.lproj/LaunchScreen.storyboard; sourceTree = "<group>"; };
		3D1D2BA624C080B500F842A7 /* Info.plist */ = {isa = PBXFileReference; lastKnownFileType = text.plist.xml; path = Info.plist; sourceTree = "<group>"; };
		3D1D2BAB24C080B600F842A7 /* RelevantInformerExampleTests.xctest */ = {isa = PBXFileReference; explicitFileType = wrapper.cfbundle; includeInIndex = 0; path = RelevantInformerExampleTests.xctest; sourceTree = BUILT_PRODUCTS_DIR; };
		3D1D2BAF24C080B600F842A7 /* RelevantInformerExampleTests.swift */ = {isa = PBXFileReference; lastKnownFileType = sourcecode.swift; path = RelevantInformerExampleTests.swift; sourceTree = "<group>"; };
		3D1D2BB124C080B600F842A7 /* Info.plist */ = {isa = PBXFileReference; lastKnownFileType = text.plist.xml; path = Info.plist; sourceTree = "<group>"; };
		3D1D2BB624C080B600F842A7 /* RelevantInformerExampleUITests.xctest */ = {isa = PBXFileReference; explicitFileType = wrapper.cfbundle; includeInIndex = 0; path = RelevantInformerExampleUITests.xctest; sourceTree = BUILT_PRODUCTS_DIR; };
		3D1D2BBA24C080B600F842A7 /* RelevantInformerExampleUITests.swift */ = {isa = PBXFileReference; lastKnownFileType = sourcecode.swift; path = RelevantInformerExampleUITests.swift; sourceTree = "<group>"; };
		3D1D2BBC24C080B600F842A7 /* Info.plist */ = {isa = PBXFileReference; lastKnownFileType = text.plist.xml; path = Info.plist; sourceTree = "<group>"; };
		3D1D2BCF24C0833F00F842A7 /* RelevantInformer */ = {isa = PBXFileReference; lastKnownFileType = folder; name = RelevantInformer; path = ..; sourceTree = "<group>"; };
		3D1D2BD224C084AF00F842A7 /* PopupExampleViewController.swift */ = {isa = PBXFileReference; fileEncoding = 4; lastKnownFileType = sourcecode.swift; path = PopupExampleViewController.swift; sourceTree = "<group>"; };
		3DED2A9424C40E8E006F9D2D /* NotificationExampleViewController.swift */ = {isa = PBXFileReference; lastKnownFileType = sourcecode.swift; path = NotificationExampleViewController.swift; sourceTree = "<group>"; };
/* End PBXFileReference section */

/* Begin PBXFrameworksBuildPhase section */
		3D1D2B9224C080B400F842A7 /* Frameworks */ = {
			isa = PBXFrameworksBuildPhase;
			buildActionMask = 2147483647;
			files = (
				3D1D2BD124C0835000F842A7 /* RelevantInformer in Frameworks */,
			);
			runOnlyForDeploymentPostprocessing = 0;
		};
		3D1D2BA824C080B600F842A7 /* Frameworks */ = {
			isa = PBXFrameworksBuildPhase;
			buildActionMask = 2147483647;
			files = (
			);
			runOnlyForDeploymentPostprocessing = 0;
		};
		3D1D2BB324C080B600F842A7 /* Frameworks */ = {
			isa = PBXFrameworksBuildPhase;
			buildActionMask = 2147483647;
			files = (
			);
			runOnlyForDeploymentPostprocessing = 0;
		};
/* End PBXFrameworksBuildPhase section */

/* Begin PBXGroup section */
		3D1D2B8C24C080B400F842A7 = {
			isa = PBXGroup;
			children = (
				3D1D2B9724C080B400F842A7 /* RelevantInformerExample */,
				3D1D2BAE24C080B600F842A7 /* RelevantInformerExampleTests */,
				3D1D2BB924C080B600F842A7 /* RelevantInformerExampleUITests */,
				3D1D2B9624C080B400F842A7 /* Products */,
				3D1D2BCE24C0833F00F842A7 /* Frameworks */,
			);
			sourceTree = "<group>";
		};
		3D1D2B9624C080B400F842A7 /* Products */ = {
			isa = PBXGroup;
			children = (
				3D1D2B9524C080B400F842A7 /* RelevantInformerExample.app */,
				3D1D2BAB24C080B600F842A7 /* RelevantInformerExampleTests.xctest */,
				3D1D2BB624C080B600F842A7 /* RelevantInformerExampleUITests.xctest */,
			);
			name = Products;
			sourceTree = "<group>";
		};
		3D1D2B9724C080B400F842A7 /* RelevantInformerExample */ = {
			isa = PBXGroup;
			children = (
				3D1D2B9824C080B400F842A7 /* AppDelegate.swift */,
				3D1D2B9A24C080B400F842A7 /* SceneDelegate.swift */,
				3D1D2B9C24C080B400F842A7 /* ViewController.swift */,
				3D1D2BD224C084AF00F842A7 /* PopupExampleViewController.swift */,
				3DED2A9424C40E8E006F9D2D /* NotificationExampleViewController.swift */,
				3D1D2B9E24C080B400F842A7 /* Main.storyboard */,
				3D1D2BA124C080B500F842A7 /* Assets.xcassets */,
				3D1D2BA324C080B500F842A7 /* LaunchScreen.storyboard */,
				3D1D2BA624C080B500F842A7 /* Info.plist */,
			);
			path = RelevantInformerExample;
			sourceTree = "<group>";
		};
		3D1D2BAE24C080B600F842A7 /* RelevantInformerExampleTests */ = {
			isa = PBXGroup;
			children = (
				3D1D2BAF24C080B600F842A7 /* RelevantInformerExampleTests.swift */,
				3D1D2BB124C080B600F842A7 /* Info.plist */,
			);
			path = RelevantInformerExampleTests;
			sourceTree = "<group>";
		};
		3D1D2BB924C080B600F842A7 /* RelevantInformerExampleUITests */ = {
			isa = PBXGroup;
			children = (
				3D1D2BBA24C080B600F842A7 /* RelevantInformerExampleUITests.swift */,
				3D1D2BBC24C080B600F842A7 /* Info.plist */,
			);
			path = RelevantInformerExampleUITests;
			sourceTree = "<group>";
		};
		3D1D2BCE24C0833F00F842A7 /* Frameworks */ = {
			isa = PBXGroup;
			children = (
				3D1D2BCF24C0833F00F842A7 /* RelevantInformer */,
			);
			name = Frameworks;
			sourceTree = "<group>";
		};
/* End PBXGroup section */

/* Begin PBXNativeTarget section */
		3D1D2B9424C080B400F842A7 /* RelevantInformerExample */ = {
			isa = PBXNativeTarget;
			buildConfigurationList = 3D1D2BBF24C080B600F842A7 /* Build configuration list for PBXNativeTarget "RelevantInformerExample" */;
			buildPhases = (
				3D1D2B9124C080B400F842A7 /* Sources */,
				3D1D2B9224C080B400F842A7 /* Frameworks */,
				3D1D2B9324C080B400F842A7 /* Resources */,
			);
			buildRules = (
			);
			dependencies = (
			);
			name = RelevantInformerExample;
			packageProductDependencies = (
				3D1D2BD024C0835000F842A7 /* RelevantInformer */,
			);
			productName = RelevantInformerExample;
			productReference = 3D1D2B9524C080B400F842A7 /* RelevantInformerExample.app */;
			productType = "com.apple.product-type.application";
		};
		3D1D2BAA24C080B600F842A7 /* RelevantInformerExampleTests */ = {
			isa = PBXNativeTarget;
			buildConfigurationList = 3D1D2BC224C080B600F842A7 /* Build configuration list for PBXNativeTarget "RelevantInformerExampleTests" */;
			buildPhases = (
				3D1D2BA724C080B600F842A7 /* Sources */,
				3D1D2BA824C080B600F842A7 /* Frameworks */,
				3D1D2BA924C080B600F842A7 /* Resources */,
			);
			buildRules = (
			);
			dependencies = (
				3D1D2BAD24C080B600F842A7 /* PBXTargetDependency */,
			);
			name = RelevantInformerExampleTests;
			productName = RelevantInformerExampleTests;
			productReference = 3D1D2BAB24C080B600F842A7 /* RelevantInformerExampleTests.xctest */;
			productType = "com.apple.product-type.bundle.unit-test";
		};
		3D1D2BB524C080B600F842A7 /* RelevantInformerExampleUITests */ = {
			isa = PBXNativeTarget;
			buildConfigurationList = 3D1D2BC524C080B600F842A7 /* Build configuration list for PBXNativeTarget "RelevantInformerExampleUITests" */;
			buildPhases = (
				3D1D2BB224C080B600F842A7 /* Sources */,
				3D1D2BB324C080B600F842A7 /* Frameworks */,
				3D1D2BB424C080B600F842A7 /* Resources */,
			);
			buildRules = (
			);
			dependencies = (
				3D1D2BB824C080B600F842A7 /* PBXTargetDependency */,
			);
			name = RelevantInformerExampleUITests;
			productName = RelevantInformerExampleUITests;
			productReference = 3D1D2BB624C080B600F842A7 /* RelevantInformerExampleUITests.xctest */;
			productType = "com.apple.product-type.bundle.ui-testing";
		};
/* End PBXNativeTarget section */

/* Begin PBXProject section */
		3D1D2B8D24C080B400F842A7 /* Project object */ = {
			isa = PBXProject;
			attributes = {
				LastSwiftUpdateCheck = 1160;
				LastUpgradeCheck = 1160;
				ORGANIZATIONNAME = "Relevant Fruit";
				TargetAttributes = {
					3D1D2B9424C080B400F842A7 = {
						CreatedOnToolsVersion = 11.6;
					};
					3D1D2BAA24C080B600F842A7 = {
						CreatedOnToolsVersion = 11.6;
						TestTargetID = 3D1D2B9424C080B400F842A7;
					};
					3D1D2BB524C080B600F842A7 = {
						CreatedOnToolsVersion = 11.6;
						TestTargetID = 3D1D2B9424C080B400F842A7;
					};
				};
			};
			buildConfigurationList = 3D1D2B9024C080B400F842A7 /* Build configuration list for PBXProject "RelevantInformerExample" */;
			compatibilityVersion = "Xcode 9.3";
			developmentRegion = en;
			hasScannedForEncodings = 0;
			knownRegions = (
				en,
				Base,
			);
			mainGroup = 3D1D2B8C24C080B400F842A7;
			productRefGroup = 3D1D2B9624C080B400F842A7 /* Products */;
			projectDirPath = "";
			projectRoot = "";
			targets = (
				3D1D2B9424C080B400F842A7 /* RelevantInformerExample */,
				3D1D2BAA24C080B600F842A7 /* RelevantInformerExampleTests */,
				3D1D2BB524C080B600F842A7 /* RelevantInformerExampleUITests */,
			);
		};
/* End PBXProject section */

/* Begin PBXResourcesBuildPhase section */
		3D1D2B9324C080B400F842A7 /* Resources */ = {
			isa = PBXResourcesBuildPhase;
			buildActionMask = 2147483647;
			files = (
				3D1D2BA524C080B500F842A7 /* LaunchScreen.storyboard in Resources */,
				3D1D2BA224C080B500F842A7 /* Assets.xcassets in Resources */,
				3D1D2BA024C080B400F842A7 /* Main.storyboard in Resources */,
			);
			runOnlyForDeploymentPostprocessing = 0;
		};
		3D1D2BA924C080B600F842A7 /* Resources */ = {
			isa = PBXResourcesBuildPhase;
			buildActionMask = 2147483647;
			files = (
			);
			runOnlyForDeploymentPostprocessing = 0;
		};
		3D1D2BB424C080B600F842A7 /* Resources */ = {
			isa = PBXResourcesBuildPhase;
			buildActionMask = 2147483647;
			files = (
			);
			runOnlyForDeploymentPostprocessing = 0;
		};
/* End PBXResourcesBuildPhase section */

/* Begin PBXSourcesBuildPhase section */
		3D1D2B9124C080B400F842A7 /* Sources */ = {
			isa = PBXSourcesBuildPhase;
			buildActionMask = 2147483647;
			files = (
				3DED2A9524C40E8E006F9D2D /* NotificationExampleViewController.swift in Sources */,
				3D1D2B9D24C080B400F842A7 /* ViewController.swift in Sources */,
				3D1D2BD324C084AF00F842A7 /* PopupExampleViewController.swift in Sources */,
				3D1D2B9924C080B400F842A7 /* AppDelegate.swift in Sources */,
				3D1D2B9B24C080B400F842A7 /* SceneDelegate.swift in Sources */,
			);
			runOnlyForDeploymentPostprocessing = 0;
		};
		3D1D2BA724C080B600F842A7 /* Sources */ = {
			isa = PBXSourcesBuildPhase;
			buildActionMask = 2147483647;
			files = (
				3D1D2BB024C080B600F842A7 /* RelevantInformerExampleTests.swift in Sources */,
			);
			runOnlyForDeploymentPostprocessing = 0;
		};
		3D1D2BB224C080B600F842A7 /* Sources */ = {
			isa = PBXSourcesBuildPhase;
			buildActionMask = 2147483647;
			files = (
				3D1D2BBB24C080B600F842A7 /* RelevantInformerExampleUITests.swift in Sources */,
			);
			runOnlyForDeploymentPostprocessing = 0;
		};
/* End PBXSourcesBuildPhase section */

/* Begin PBXTargetDependency section */
		3D1D2BAD24C080B600F842A7 /* PBXTargetDependency */ = {
			isa = PBXTargetDependency;
			target = 3D1D2B9424C080B400F842A7 /* RelevantInformerExample */;
			targetProxy = 3D1D2BAC24C080B600F842A7 /* PBXContainerItemProxy */;
		};
		3D1D2BB824C080B600F842A7 /* PBXTargetDependency */ = {
			isa = PBXTargetDependency;
			target = 3D1D2B9424C080B400F842A7 /* RelevantInformerExample */;
			targetProxy = 3D1D2BB724C080B600F842A7 /* PBXContainerItemProxy */;
		};
/* End PBXTargetDependency section */

/* Begin PBXVariantGroup section */
		3D1D2B9E24C080B400F842A7 /* Main.storyboard */ = {
			isa = PBXVariantGroup;
			children = (
				3D1D2B9F24C080B400F842A7 /* Base */,
			);
			name = Main.storyboard;
			sourceTree = "<group>";
		};
		3D1D2BA324C080B500F842A7 /* LaunchScreen.storyboard */ = {
			isa = PBXVariantGroup;
			children = (
				3D1D2BA424C080B500F842A7 /* Base */,
			);
			name = LaunchScreen.storyboard;
			sourceTree = "<group>";
		};
/* End PBXVariantGroup section */

/* Begin XCBuildConfiguration section */
		3D1D2BBD24C080B600F842A7 /* Debug */ = {
			isa = XCBuildConfiguration;
			buildSettings = {
				ALWAYS_SEARCH_USER_PATHS = NO;
				CLANG_ANALYZER_NONNULL = YES;
				CLANG_ANALYZER_NUMBER_OBJECT_CONVERSION = YES_AGGRESSIVE;
				CLANG_CXX_LANGUAGE_STANDARD = "gnu++14";
				CLANG_CXX_LIBRARY = "libc++";
				CLANG_ENABLE_MODULES = YES;
				CLANG_ENABLE_OBJC_ARC = YES;
				CLANG_ENABLE_OBJC_WEAK = YES;
				CLANG_WARN_BLOCK_CAPTURE_AUTORELEASING = YES;
				CLANG_WARN_BOOL_CONVERSION = YES;
				CLANG_WARN_COMMA = YES;
				CLANG_WARN_CONSTANT_CONVERSION = YES;
				CLANG_WARN_DEPRECATED_OBJC_IMPLEMENTATIONS = YES;
				CLANG_WARN_DIRECT_OBJC_ISA_USAGE = YES_ERROR;
				CLANG_WARN_DOCUMENTATION_COMMENTS = YES;
				CLANG_WARN_EMPTY_BODY = YES;
				CLANG_WARN_ENUM_CONVERSION = YES;
				CLANG_WARN_INFINITE_RECURSION = YES;
				CLANG_WARN_INT_CONVERSION = YES;
				CLANG_WARN_NON_LITERAL_NULL_CONVERSION = YES;
				CLANG_WARN_OBJC_IMPLICIT_RETAIN_SELF = YES;
				CLANG_WARN_OBJC_LITERAL_CONVERSION = YES;
				CLANG_WARN_OBJC_ROOT_CLASS = YES_ERROR;
				CLANG_WARN_RANGE_LOOP_ANALYSIS = YES;
				CLANG_WARN_STRICT_PROTOTYPES = YES;
				CLANG_WARN_SUSPICIOUS_MOVE = YES;
				CLANG_WARN_UNGUARDED_AVAILABILITY = YES_AGGRESSIVE;
				CLANG_WARN_UNREACHABLE_CODE = YES;
				CLANG_WARN__DUPLICATE_METHOD_MATCH = YES;
				COPY_PHASE_STRIP = NO;
				DEBUG_INFORMATION_FORMAT = dwarf;
				ENABLE_STRICT_OBJC_MSGSEND = YES;
				ENABLE_TESTABILITY = YES;
				GCC_C_LANGUAGE_STANDARD = gnu11;
				GCC_DYNAMIC_NO_PIC = NO;
				GCC_NO_COMMON_BLOCKS = YES;
				GCC_OPTIMIZATION_LEVEL = 0;
				GCC_PREPROCESSOR_DEFINITIONS = (
					"DEBUG=1",
					"$(inherited)",
				);
				GCC_WARN_64_TO_32_BIT_CONVERSION = YES;
				GCC_WARN_ABOUT_RETURN_TYPE = YES_ERROR;
				GCC_WARN_UNDECLARED_SELECTOR = YES;
				GCC_WARN_UNINITIALIZED_AUTOS = YES_AGGRESSIVE;
				GCC_WARN_UNUSED_FUNCTION = YES;
				GCC_WARN_UNUSED_VARIABLE = YES;
				IPHONEOS_DEPLOYMENT_TARGET = 13.6;
				MTL_ENABLE_DEBUG_INFO = INCLUDE_SOURCE;
				MTL_FAST_MATH = YES;
				ONLY_ACTIVE_ARCH = YES;
				SDKROOT = iphoneos;
				SWIFT_ACTIVE_COMPILATION_CONDITIONS = DEBUG;
				SWIFT_OPTIMIZATION_LEVEL = "-Onone";
			};
			name = Debug;
		};
		3D1D2BBE24C080B600F842A7 /* Release */ = {
			isa = XCBuildConfiguration;
			buildSettings = {
				ALWAYS_SEARCH_USER_PATHS = NO;
				CLANG_ANALYZER_NONNULL = YES;
				CLANG_ANALYZER_NUMBER_OBJECT_CONVERSION = YES_AGGRESSIVE;
				CLANG_CXX_LANGUAGE_STANDARD = "gnu++14";
				CLANG_CXX_LIBRARY = "libc++";
				CLANG_ENABLE_MODULES = YES;
				CLANG_ENABLE_OBJC_ARC = YES;
				CLANG_ENABLE_OBJC_WEAK = YES;
				CLANG_WARN_BLOCK_CAPTURE_AUTORELEASING = YES;
				CLANG_WARN_BOOL_CONVERSION = YES;
				CLANG_WARN_COMMA = YES;
				CLANG_WARN_CONSTANT_CONVERSION = YES;
				CLANG_WARN_DEPRECATED_OBJC_IMPLEMENTATIONS = YES;
				CLANG_WARN_DIRECT_OBJC_ISA_USAGE = YES_ERROR;
				CLANG_WARN_DOCUMENTATION_COMMENTS = YES;
				CLANG_WARN_EMPTY_BODY = YES;
				CLANG_WARN_ENUM_CONVERSION = YES;
				CLANG_WARN_INFINITE_RECURSION = YES;
				CLANG_WARN_INT_CONVERSION = YES;
				CLANG_WARN_NON_LITERAL_NULL_CONVERSION = YES;
				CLANG_WARN_OBJC_IMPLICIT_RETAIN_SELF = YES;
				CLANG_WARN_OBJC_LITERAL_CONVERSION = YES;
				CLANG_WARN_OBJC_ROOT_CLASS = YES_ERROR;
				CLANG_WARN_RANGE_LOOP_ANALYSIS = YES;
				CLANG_WARN_STRICT_PROTOTYPES = YES;
				CLANG_WARN_SUSPICIOUS_MOVE = YES;
				CLANG_WARN_UNGUARDED_AVAILABILITY = YES_AGGRESSIVE;
				CLANG_WARN_UNREACHABLE_CODE = YES;
				CLANG_WARN__DUPLICATE_METHOD_MATCH = YES;
				COPY_PHASE_STRIP = NO;
				DEBUG_INFORMATION_FORMAT = "dwarf-with-dsym";
				ENABLE_NS_ASSERTIONS = NO;
				ENABLE_STRICT_OBJC_MSGSEND = YES;
				GCC_C_LANGUAGE_STANDARD = gnu11;
				GCC_NO_COMMON_BLOCKS = YES;
				GCC_WARN_64_TO_32_BIT_CONVERSION = YES;
				GCC_WARN_ABOUT_RETURN_TYPE = YES_ERROR;
				GCC_WARN_UNDECLARED_SELECTOR = YES;
				GCC_WARN_UNINITIALIZED_AUTOS = YES_AGGRESSIVE;
				GCC_WARN_UNUSED_FUNCTION = YES;
				GCC_WARN_UNUSED_VARIABLE = YES;
				IPHONEOS_DEPLOYMENT_TARGET = 13.6;
				MTL_ENABLE_DEBUG_INFO = NO;
				MTL_FAST_MATH = YES;
				SDKROOT = iphoneos;
				SWIFT_COMPILATION_MODE = wholemodule;
				SWIFT_OPTIMIZATION_LEVEL = "-O";
				VALIDATE_PRODUCT = YES;
			};
			name = Release;
		};
		3D1D2BC024C080B600F842A7 /* Debug */ = {
			isa = XCBuildConfiguration;
			buildSettings = {
				ASSETCATALOG_COMPILER_APPICON_NAME = AppIcon;
				CODE_SIGN_STYLE = Automatic;
				DEVELOPMENT_TEAM = UJD4HJ663D;
				INFOPLIST_FILE = RelevantInformerExample/Info.plist;
				LD_RUNPATH_SEARCH_PATHS = (
					"$(inherited)",
					"@executable_path/Frameworks",
				);
				PRODUCT_BUNDLE_IDENTIFIER = com.relevant.RelevantInformerExample;
				PRODUCT_NAME = "$(TARGET_NAME)";
				SWIFT_VERSION = 5.0;
				TARGETED_DEVICE_FAMILY = "1,2";
			};
			name = Debug;
		};
		3D1D2BC124C080B600F842A7 /* Release */ = {
			isa = XCBuildConfiguration;
			buildSettings = {
				ASSETCATALOG_COMPILER_APPICON_NAME = AppIcon;
				CODE_SIGN_STYLE = Automatic;
				DEVELOPMENT_TEAM = UJD4HJ663D;
				INFOPLIST_FILE = RelevantInformerExample/Info.plist;
				LD_RUNPATH_SEARCH_PATHS = (
					"$(inherited)",
					"@executable_path/Frameworks",
				);
				PRODUCT_BUNDLE_IDENTIFIER = com.relevant.RelevantInformerExample;
				PRODUCT_NAME = "$(TARGET_NAME)";
				SWIFT_VERSION = 5.0;
				TARGETED_DEVICE_FAMILY = "1,2";
			};
			name = Release;
		};
		3D1D2BC324C080B600F842A7 /* Debug */ = {
			isa = XCBuildConfiguration;
			buildSettings = {
				ALWAYS_EMBED_SWIFT_STANDARD_LIBRARIES = YES;
				BUNDLE_LOADER = "$(TEST_HOST)";
				CODE_SIGN_STYLE = Automatic;
				DEVELOPMENT_TEAM = UJD4HJ663D;
				INFOPLIST_FILE = RelevantInformerExampleTests/Info.plist;
				IPHONEOS_DEPLOYMENT_TARGET = 13.6;
				LD_RUNPATH_SEARCH_PATHS = (
					"$(inherited)",
					"@executable_path/Frameworks",
					"@loader_path/Frameworks",
				);
				PRODUCT_BUNDLE_IDENTIFIER = com.relevant.RelevantInformerExampleTests;
				PRODUCT_NAME = "$(TARGET_NAME)";
				SWIFT_VERSION = 5.0;
				TARGETED_DEVICE_FAMILY = "1,2";
				TEST_HOST = "$(BUILT_PRODUCTS_DIR)/RelevantInformerExample.app/RelevantInformerExample";
			};
			name = Debug;
		};
		3D1D2BC424C080B600F842A7 /* Release */ = {
			isa = XCBuildConfiguration;
			buildSettings = {
				ALWAYS_EMBED_SWIFT_STANDARD_LIBRARIES = YES;
				BUNDLE_LOADER = "$(TEST_HOST)";
				CODE_SIGN_STYLE = Automatic;
				DEVELOPMENT_TEAM = UJD4HJ663D;
				INFOPLIST_FILE = RelevantInformerExampleTests/Info.plist;
				IPHONEOS_DEPLOYMENT_TARGET = 13.6;
				LD_RUNPATH_SEARCH_PATHS = (
					"$(inherited)",
					"@executable_path/Frameworks",
					"@loader_path/Frameworks",
				);
				PRODUCT_BUNDLE_IDENTIFIER = com.relevant.RelevantInformerExampleTests;
				PRODUCT_NAME = "$(TARGET_NAME)";
				SWIFT_VERSION = 5.0;
				TARGETED_DEVICE_FAMILY = "1,2";
				TEST_HOST = "$(BUILT_PRODUCTS_DIR)/RelevantInformerExample.app/RelevantInformerExample";
			};
			name = Release;
		};
		3D1D2BC624C080B600F842A7 /* Debug */ = {
			isa = XCBuildConfiguration;
			buildSettings = {
				ALWAYS_EMBED_SWIFT_STANDARD_LIBRARIES = YES;
				CODE_SIGN_STYLE = Automatic;
				DEVELOPMENT_TEAM = UJD4HJ663D;
				INFOPLIST_FILE = RelevantInformerExampleUITests/Info.plist;
				LD_RUNPATH_SEARCH_PATHS = (
					"$(inherited)",
					"@executable_path/Frameworks",
					"@loader_path/Frameworks",
				);
				PRODUCT_BUNDLE_IDENTIFIER = com.relevant.RelevantInformerExampleUITests;
				PRODUCT_NAME = "$(TARGET_NAME)";
				SWIFT_VERSION = 5.0;
				TARGETED_DEVICE_FAMILY = "1,2";
				TEST_TARGET_NAME = RelevantInformerExample;
			};
			name = Debug;
		};
		3D1D2BC724C080B600F842A7 /* Release */ = {
			isa = XCBuildConfiguration;
			buildSettings = {
				ALWAYS_EMBED_SWIFT_STANDARD_LIBRARIES = YES;
				CODE_SIGN_STYLE = Automatic;
				DEVELOPMENT_TEAM = UJD4HJ663D;
				INFOPLIST_FILE = RelevantInformerExampleUITests/Info.plist;
				LD_RUNPATH_SEARCH_PATHS = (
					"$(inherited)",
					"@executable_path/Frameworks",
					"@loader_path/Frameworks",
				);
				PRODUCT_BUNDLE_IDENTIFIER = com.relevant.RelevantInformerExampleUITests;
				PRODUCT_NAME = "$(TARGET_NAME)";
				SWIFT_VERSION = 5.0;
				TARGETED_DEVICE_FAMILY = "1,2";
				TEST_TARGET_NAME = RelevantInformerExample;
			};
			name = Release;
		};
/* End XCBuildConfiguration section */

/* Begin XCConfigurationList section */
		3D1D2B9024C080B400F842A7 /* Build configuration list for PBXProject "RelevantInformerExample" */ = {
			isa = XCConfigurationList;
			buildConfigurations = (
				3D1D2BBD24C080B600F842A7 /* Debug */,
				3D1D2BBE24C080B600F842A7 /* Release */,
			);
			defaultConfigurationIsVisible = 0;
			defaultConfigurationName = Release;
		};
		3D1D2BBF24C080B600F842A7 /* Build configuration list for PBXNativeTarget "RelevantInformerExample" */ = {
			isa = XCConfigurationList;
			buildConfigurations = (
				3D1D2BC024C080B600F842A7 /* Debug */,
				3D1D2BC124C080B600F842A7 /* Release */,
			);
			defaultConfigurationIsVisible = 0;
			defaultConfigurationName = Release;
		};
		3D1D2BC224C080B600F842A7 /* Build configuration list for PBXNativeTarget "RelevantInformerExampleTests" */ = {
			isa = XCConfigurationList;
			buildConfigurations = (
				3D1D2BC324C080B600F842A7 /* Debug */,
				3D1D2BC424C080B600F842A7 /* Release */,
			);
			defaultConfigurationIsVisible = 0;
			defaultConfigurationName = Release;
		};
		3D1D2BC524C080B600F842A7 /* Build configuration list for PBXNativeTarget "RelevantInformerExampleUITests" */ = {
			isa = XCConfigurationList;
			buildConfigurations = (
				3D1D2BC624C080B600F842A7 /* Debug */,
				3D1D2BC724C080B600F842A7 /* Release */,
			);
			defaultConfigurationIsVisible = 0;
			defaultConfigurationName = Release;
		};
/* End XCConfigurationList section */

/* Begin XCSwiftPackageProductDependency section */
		3D1D2BD024C0835000F842A7 /* RelevantInformer */ = {
			isa = XCSwiftPackageProductDependency;
			productName = RelevantInformer;
		};
/* End XCSwiftPackageProductDependency section */
	};
	rootObject = 3D1D2B8D24C080B400F842A7 /* Project object */;
}
